
Microsoft Visual Studio Solution File, Format Version 12.00
# Visual Studio Version 17
VisualStudioVersion = 17.0.31903.59
MinimumVisualStudioVersion = 10.0.40219.1
Project("{FAE04EC0-301F-11D3-BF4B-00C04F79EFBC}") = "MathApp", "MathApp\MathApp.csproj", "{A8C1D9F0-D322-4C53-A0B9-89FFFDE7C1CF}"
EndProject
Project("{FAE04EC0-301F-11D3-BF4B-00C04F79EFBC}") = "MathAppTest", "MathAppTest\MathAppTest.csproj", "{D5C59A42-B26F-4B31-A6D5-DECC798982E2}"
EndProject
Global
	GlobalSection(SolutionConfigurationPlatforms) = preSolution
		Debug|Any CPU = Debug|Any CPU
		Release|Any CPU = Release|Any CPU
	EndGlobalSection
	GlobalSection(SolutionProperties) = preSolution
		HideSolutionNode = FALSE
	EndGlobalSection
	GlobalSection(ProjectConfigurationPlatforms) = postSolution
		{A8C1D9F0-D322-4C53-A0B9-89FFFDE7C1CF}.Debug|Any CPU.ActiveCfg = Debug|Any CPU
		{A8C1D9F0-D322-4C53-A0B9-89FFFDE7C1CF}.Debug|Any CPU.Build.0 = Debug|Any CPU
		{A8C1D9F0-D322-4C53-A0B9-89FFFDE7C1CF}.Release|Any CPU.ActiveCfg = Release|Any CPU
		{A8C1D9F0-D322-4C53-A0B9-89FFFDE7C1CF}.Release|Any CPU.Build.0 = Release|Any CPU
		{D5C59A42-B26F-4B31-A6D5-DECC798982E2}.Debug|Any CPU.ActiveCfg = Debug|Any CPU
		{D5C59A42-B26F-4B31-A6D5-DECC798982E2}.Debug|Any CPU.Build.0 = Debug|Any CPU
		{D5C59A42-B26F-4B31-A6D5-DECC798982E2}.Release|Any CPU.ActiveCfg = Release|Any CPU
		{D5C59A42-B26F-4B31-A6D5-DECC798982E2}.Release|Any CPU.Build.0 = Release|Any CPU
	EndGlobalSection
EndGlobal
